// !$*UTF8*$!
{
	archiveVersion = 1;
	classes = {
	};
	objectVersion = 46;
	objects = {

/* Begin PBXBuildFile section */
		B047507D1CA63D3E00278063 /* AppDelegate.swift in Sources */ = {isa = PBXBuildFile; fileRef = B047507C1CA63D3E00278063 /* AppDelegate.swift */; };
		B047507F1CA63D3E00278063 /* ViewController.swift in Sources */ = {isa = PBXBuildFile; fileRef = B047507E1CA63D3E00278063 /* ViewController.swift */; };
		B04750821CA63D3E00278063 /* Main.storyboard in Resources */ = {isa = PBXBuildFile; fileRef = B04750801CA63D3E00278063 /* Main.storyboard */; };
		B04750851CA63D3E00278063 /* xalxswift.xcdatamodeld in Sources */ = {isa = PBXBuildFile; fileRef = B04750831CA63D3E00278063 /* xalxswift.xcdatamodeld */; };
		B04750871CA63D3E00278063 /* Assets.xcassets in Resources */ = {isa = PBXBuildFile; fileRef = B04750861CA63D3E00278063 /* Assets.xcassets */; };
		B047508A1CA63D3E00278063 /* LaunchScreen.storyboard in Resources */ = {isa = PBXBuildFile; fileRef = B04750881CA63D3E00278063 /* LaunchScreen.storyboard */; };
		B04750951CA63D3E00278063 /* xalxswiftTests.swift in Sources */ = {isa = PBXBuildFile; fileRef = B04750941CA63D3E00278063 /* xalxswiftTests.swift */; };
		B04750A01CA63D3E00278063 /* xalxswiftUITests.swift in Sources */ = {isa = PBXBuildFile; fileRef = B047509F1CA63D3E00278063 /* xalxswiftUITests.swift */; };
/* End PBXBuildFile section */

/* Begin PBXContainerItemProxy section */
		B04750911CA63D3E00278063 /* PBXContainerItemProxy */ = {
			isa = PBXContainerItemProxy;
			containerPortal = B04750711CA63D3E00278063 /* Project object */;
			proxyType = 1;
			remoteGlobalIDString = B04750781CA63D3E00278063;
			remoteInfo = xalxswift;
		};
		B047509C1CA63D3E00278063 /* PBXContainerItemProxy */ = {
			isa = PBXContainerItemProxy;
			containerPortal = B04750711CA63D3E00278063 /* Project object */;
			proxyType = 1;
			remoteGlobalIDString = B04750781CA63D3E00278063;
			remoteInfo = xalxswift;
		};
/* End PBXContainerItemProxy section */

/* Begin PBXFileReference section */
		B04750791CA63D3E00278063 /* xalxswift.app */ = {isa = PBXFileReference; explicitFileType = wrapper.application; includeInIndex = 0; path = xalxswift.app; sourceTree = BUILT_PRODUCTS_DIR; };
		B047507C1CA63D3E00278063 /* AppDelegate.swift */ = {isa = PBXFileReference; lastKnownFileType = sourcecode.swift; path = AppDelegate.swift; sourceTree = "<group>"; };
		B047507E1CA63D3E00278063 /* ViewController.swift */ = {isa = PBXFileReference; lastKnownFileType = sourcecode.swift; path = ViewController.swift; sourceTree = "<group>"; };
		B04750811CA63D3E00278063 /* Base */ = {isa = PBXFileReference; lastKnownFileType = file.storyboard; name = Base; path = Base.lproj/Main.storyboard; sourceTree = "<group>"; };
		B04750841CA63D3E00278063 /* xalxswift.xcdatamodel */ = {isa = PBXFileReference; lastKnownFileType = wrapper.xcdatamodel; path = xalxswift.xcdatamodel; sourceTree = "<group>"; };
		B04750861CA63D3E00278063 /* Assets.xcassets */ = {isa = PBXFileReference; lastKnownFileType = folder.assetcatalog; path = Assets.xcassets; sourceTree = "<group>"; };
		B04750891CA63D3E00278063 /* Base */ = {isa = PBXFileReference; lastKnownFileType = file.storyboard; name = Base; path = Base.lproj/LaunchScreen.storyboard; sourceTree = "<group>"; };
		B047508B1CA63D3E00278063 /* Info.plist */ = {isa = PBXFileReference; lastKnownFileType = text.plist.xml; path = Info.plist; sourceTree = "<group>"; };
		B04750901CA63D3E00278063 /* xalxswiftTests.xctest */ = {isa = PBXFileReference; explicitFileType = wrapper.cfbundle; includeInIndex = 0; path = xalxswiftTests.xctest; sourceTree = BUILT_PRODUCTS_DIR; };
		B04750941CA63D3E00278063 /* xalxswiftTests.swift */ = {isa = PBXFileReference; lastKnownFileType = sourcecode.swift; path = xalxswiftTests.swift; sourceTree = "<group>"; };
		B04750961CA63D3E00278063 /* Info.plist */ = {isa = PBXFileReference; lastKnownFileType = text.plist.xml; path = Info.plist; sourceTree = "<group>"; };
		B047509B1CA63D3E00278063 /* xalxswiftUITests.xctest */ = {isa = PBXFileReference; explicitFileType = wrapper.cfbundle; includeInIndex = 0; path = xalxswiftUITests.xctest; sourceTree = BUILT_PRODUCTS_DIR; };
		B047509F1CA63D3E00278063 /* xalxswiftUITests.swift */ = {isa = PBXFileReference; lastKnownFileType = sourcecode.swift; path = xalxswiftUITests.swift; sourceTree = "<group>"; };
		B04750A11CA63D3F00278063 /* Info.plist */ = {isa = PBXFileReference; lastKnownFileType = text.plist.xml; path = Info.plist; sourceTree = "<group>"; };
/* End PBXFileReference section */

/* Begin PBXFrameworksBuildPhase section */
		B04750761CA63D3E00278063 /* Frameworks */ = {
			isa = PBXFrameworksBuildPhase;
			buildActionMask = 2147483647;
			files = (
			);
			runOnlyForDeploymentPostprocessing = 0;
		};
		B047508D1CA63D3E00278063 /* Frameworks */ = {
			isa = PBXFrameworksBuildPhase;
			buildActionMask = 2147483647;
			files = (
			);
			runOnlyForDeploymentPostprocessing = 0;
		};
		B04750981CA63D3E00278063 /* Frameworks */ = {
			isa = PBXFrameworksBuildPhase;
			buildActionMask = 2147483647;
			files = (
			);
			runOnlyForDeploymentPostprocessing = 0;
		};
/* End PBXFrameworksBuildPhase section */

/* Begin PBXGroup section */
		B04750701CA63D3E00278063 = {
			isa = PBXGroup;
			children = (
				B047507B1CA63D3E00278063 /* xalxswift */,
				B04750931CA63D3E00278063 /* xalxswiftTests */,
				B047509E1CA63D3E00278063 /* xalxswiftUITests */,
				B047507A1CA63D3E00278063 /* Products */,
			);
			sourceTree = "<group>";
		};
		B047507A1CA63D3E00278063 /* Products */ = {
			isa = PBXGroup;
			children = (
				B04750791CA63D3E00278063 /* xalxswift.app */,
				B04750901CA63D3E00278063 /* xalxswiftTests.xctest */,
				B047509B1CA63D3E00278063 /* xalxswiftUITests.xctest */,
			);
			name = Products;
			sourceTree = "<group>";
		};
		B047507B1CA63D3E00278063 /* xalxswift */ = {
			isa = PBXGroup;
			children = (
				B047507C1CA63D3E00278063 /* AppDelegate.swift */,
				B047507E1CA63D3E00278063 /* ViewController.swift */,
				B04750801CA63D3E00278063 /* Main.storyboard */,
				B04750861CA63D3E00278063 /* Assets.xcassets */,
				B04750881CA63D3E00278063 /* LaunchScreen.storyboard */,
				B047508B1CA63D3E00278063 /* Info.plist */,
				B04750831CA63D3E00278063 /* xalxswift.xcdatamodeld */,
			);
			path = xalxswift;
			sourceTree = "<group>";
		};
		B04750931CA63D3E00278063 /* xalxswiftTests */ = {
			isa = PBXGroup;
			children = (
				B04750941CA63D3E00278063 /* xalxswiftTests.swift */,
				B04750961CA63D3E00278063 /* Info.plist */,
			);
			path = xalxswiftTests;
			sourceTree = "<group>";
		};
		B047509E1CA63D3E00278063 /* xalxswiftUITests */ = {
			isa = PBXGroup;
			children = (
				B047509F1CA63D3E00278063 /* xalxswiftUITests.swift */,
				B04750A11CA63D3F00278063 /* Info.plist */,
			);
			path = xalxswiftUITests;
			sourceTree = "<group>";
		};
/* End PBXGroup section */

/* Begin PBXNativeTarget section */
		B04750781CA63D3E00278063 /* xalxswift */ = {
			isa = PBXNativeTarget;
			buildConfigurationList = B04750A41CA63D3F00278063 /* Build configuration list for PBXNativeTarget "xalxswift" */;
			buildPhases = (
				B04750751CA63D3E00278063 /* Sources */,
				B04750761CA63D3E00278063 /* Frameworks */,
				B04750771CA63D3E00278063 /* Resources */,
			);
			buildRules = (
			);
			dependencies = (
			);
			name = xalxswift;
			productName = xalxswift;
			productReference = B04750791CA63D3E00278063 /* xalxswift.app */;
			productType = "com.apple.product-type.application";
		};
		B047508F1CA63D3E00278063 /* xalxswiftTests */ = {
			isa = PBXNativeTarget;
			buildConfigurationList = B04750A71CA63D3F00278063 /* Build configuration list for PBXNativeTarget "xalxswiftTests" */;
			buildPhases = (
				B047508C1CA63D3E00278063 /* Sources */,
				B047508D1CA63D3E00278063 /* Frameworks */,
				B047508E1CA63D3E00278063 /* Resources */,
			);
			buildRules = (
			);
			dependencies = (
				B04750921CA63D3E00278063 /* PBXTargetDependency */,
			);
			name = xalxswiftTests;
			productName = xalxswiftTests;
			productReference = B04750901CA63D3E00278063 /* xalxswiftTests.xctest */;
			productType = "com.apple.product-type.bundle.unit-test";
		};
		B047509A1CA63D3E00278063 /* xalxswiftUITests */ = {
			isa = PBXNativeTarget;
			buildConfigurationList = B04750AA1CA63D3F00278063 /* Build configuration list for PBXNativeTarget "xalxswiftUITests" */;
			buildPhases = (
				B04750971CA63D3E00278063 /* Sources */,
				B04750981CA63D3E00278063 /* Frameworks */,
				B04750991CA63D3E00278063 /* Resources */,
			);
			buildRules = (
			);
			dependencies = (
				B047509D1CA63D3E00278063 /* PBXTargetDependency */,
			);
			name = xalxswiftUITests;
			productName = xalxswiftUITests;
			productReference = B047509B1CA63D3E00278063 /* xalxswiftUITests.xctest */;
			productType = "com.apple.product-type.bundle.ui-testing";
		};
/* End PBXNativeTarget section */

/* Begin PBXProject section */
		B04750711CA63D3E00278063 /* Project object */ = {
			isa = PBXProject;
			attributes = {
				LastSwiftUpdateCheck = 0730;
				LastUpgradeCheck = 0730;
				ORGANIZATIONNAME = xalx;
				TargetAttributes = {
					B04750781CA63D3E00278063 = {
						CreatedOnToolsVersion = 7.3;
					};
					B047508F1CA63D3E00278063 = {
						CreatedOnToolsVersion = 7.3;
						TestTargetID = B04750781CA63D3E00278063;
					};
					B047509A1CA63D3E00278063 = {
						CreatedOnToolsVersion = 7.3;
						TestTargetID = B04750781CA63D3E00278063;
					};
				};
			};
			buildConfigurationList = B04750741CA63D3E00278063 /* Build configuration list for PBXProject "xalxswift" */;
			compatibilityVersion = "Xcode 3.2";
			developmentRegion = English;
			hasScannedForEncodings = 0;
			knownRegions = (
				en,
				Base,
			);
			mainGroup = B04750701CA63D3E00278063;
			productRefGroup = B047507A1CA63D3E00278063 /* Products */;
			projectDirPath = "";
			projectRoot = "";
			targets = (
				B04750781CA63D3E00278063 /* xalxswift */,
				B047508F1CA63D3E00278063 /* xalxswiftTests */,
				B047509A1CA63D3E00278063 /* xalxswiftUITests */,
			);
		};
/* End PBXProject section */

/* Begin PBXResourcesBuildPhase section */
		B04750771CA63D3E00278063 /* Resources */ = {
			isa = PBXResourcesBuildPhase;
			buildActionMask = 2147483647;
			files = (
				B047508A1CA63D3E00278063 /* LaunchScreen.storyboard in Resources */,
				B04750871CA63D3E00278063 /* Assets.xcassets in Resources */,
				B04750821CA63D3E00278063 /* Main.storyboard in Resources */,
			);
			runOnlyForDeploymentPostprocessing = 0;
		};
		B047508E1CA63D3E00278063 /* Resources */ = {
			isa = PBXResourcesBuildPhase;
			buildActionMask = 2147483647;
			files = (
			);
			runOnlyForDeploymentPostprocessing = 0;
		};
		B04750991CA63D3E00278063 /* Resources */ = {
			isa = PBXResourcesBuildPhase;
			buildActionMask = 2147483647;
			files = (
			);
			runOnlyForDeploymentPostprocessing = 0;
		};
/* End PBXResourcesBuildPhase section */

/* Begin PBXSourcesBuildPhase section */
		B04750751CA63D3E00278063 /* Sources */ = {
			isa = PBXSourcesBuildPhase;
			buildActionMask = 2147483647;
			files = (
				B047507F1CA63D3E00278063 /* ViewController.swift in Sources */,
				B047507D1CA63D3E00278063 /* AppDelegate.swift in Sources */,
				B04750851CA63D3E00278063 /* xalxswift.xcdatamodeld in Sources */,
			);
			runOnlyForDeploymentPostprocessing = 0;
		};
		B047508C1CA63D3E00278063 /* Sources */ = {
			isa = PBXSourcesBuildPhase;
			buildActionMask = 2147483647;
			files = (
				B04750951CA63D3E00278063 /* xalxswiftTests.swift in Sources */,
			);
			runOnlyForDeploymentPostprocessing = 0;
		};
		B04750971CA63D3E00278063 /* Sources */ = {
			isa = PBXSourcesBuildPhase;
			buildActionMask = 2147483647;
			files = (
				B04750A01CA63D3E00278063 /* xalxswiftUITests.swift in Sources */,
			);
			runOnlyForDeploymentPostprocessing = 0;
		};
/* End PBXSourcesBuildPhase section */

/* Begin PBXTargetDependency section */
		B04750921CA63D3E00278063 /* PBXTargetDependency */ = {
			isa = PBXTargetDependency;
			target = B04750781CA63D3E00278063 /* xalxswift */;
			targetProxy = B04750911CA63D3E00278063 /* PBXContainerItemProxy */;
		};
		B047509D1CA63D3E00278063 /* PBXTargetDependency */ = {
			isa = PBXTargetDependency;
			target = B04750781CA63D3E00278063 /* xalxswift */;
			targetProxy = B047509C1CA63D3E00278063 /* PBXContainerItemProxy */;
		};
/* End PBXTargetDependency section */

/* Begin PBXVariantGroup section */
		B04750801CA63D3E00278063 /* Main.storyboard */ = {
			isa = PBXVariantGroup;
			children = (
				B04750811CA63D3E00278063 /* Base */,
			);
			name = Main.storyboard;
			sourceTree = "<group>";
		};
		B04750881CA63D3E00278063 /* LaunchScreen.storyboard */ = {
			isa = PBXVariantGroup;
			children = (
				B04750891CA63D3E00278063 /* Base */,
			);
			name = LaunchScreen.storyboard;
			sourceTree = "<group>";
		};
/* End PBXVariantGroup section */

/* Begin XCBuildConfiguration section */
		B04750A21CA63D3F00278063 /* Debug */ = {
			isa = XCBuildConfiguration;
			buildSettings = {
				ALWAYS_SEARCH_USER_PATHS = NO;
				CLANG_ANALYZER_NONNULL = YES;
				CLANG_CXX_LANGUAGE_STANDARD = "gnu++0x";
				CLANG_CXX_LIBRARY = "libc++";
				CLANG_ENABLE_MODULES = YES;
				CLANG_ENABLE_OBJC_ARC = YES;
				CLANG_WARN_BOOL_CONVERSION = YES;
				CLANG_WARN_CONSTANT_CONVERSION = YES;
				CLANG_WARN_DIRECT_OBJC_ISA_USAGE = YES_ERROR;
				CLANG_WARN_EMPTY_BODY = YES;
				CLANG_WARN_ENUM_CONVERSION = YES;
				CLANG_WARN_INT_CONVERSION = YES;
				CLANG_WARN_OBJC_ROOT_CLASS = YES_ERROR;
				CLANG_WARN_UNREACHABLE_CODE = YES;
				CLANG_WARN__DUPLICATE_METHOD_MATCH = YES;
				"CODE_SIGN_IDENTITY[sdk=iphoneos*]" = "iPhone Developer";
				COPY_PHASE_STRIP = NO;
				DEBUG_INFORMATION_FORMAT = dwarf;
				ENABLE_STRICT_OBJC_MSGSEND = YES;
				ENABLE_TESTABILITY = YES;
				GCC_C_LANGUAGE_STANDARD = gnu99;
				GCC_DYNAMIC_NO_PIC = NO;
				GCC_NO_COMMON_BLOCKS = YES;
				GCC_OPTIMIZATION_LEVEL = 0;
				GCC_PREPROCESSOR_DEFINITIONS = (
					"DEBUG=1",
					"$(inherited)",
				);
				GCC_WARN_64_TO_32_BIT_CONVERSION = YES;
				GCC_WARN_ABOUT_RETURN_TYPE = YES_ERROR;
				GCC_WARN_UNDECLARED_SELECTOR = YES;
				GCC_WARN_UNINITIALIZED_AUTOS = YES_AGGRESSIVE;
				GCC_WARN_UNUSED_FUNCTION = YES;
				GCC_WARN_UNUSED_VARIABLE = YES;
				IPHONEOS_DEPLOYMENT_TARGET = 9.3;
				MTL_ENABLE_DEBUG_INFO = YES;
				ONLY_ACTIVE_ARCH = YES;
				SDKROOT = iphoneos;
				SWIFT_OPTIMIZATION_LEVEL = "-Onone";
			};
			name = Debug;
		};
		B04750A31CA63D3F00278063 /* Release */ = {
			isa = XCBuildConfiguration;
			buildSettings = {
				ALWAYS_SEARCH_USER_PATHS = NO;
				CLANG_ANALYZER_NONNULL = YES;
				CLANG_CXX_LANGUAGE_STANDARD = "gnu++0x";
				CLANG_CXX_LIBRARY = "libc++";
				CLANG_ENABLE_MODULES = YES;
				CLANG_ENABLE_OBJC_ARC = YES;
				CLANG_WARN_BOOL_CONVERSION = YES;
				CLANG_WARN_CONSTANT_CONVERSION = YES;
				CLANG_WARN_DIRECT_OBJC_ISA_USAGE = YES_ERROR;
				CLANG_WARN_EMPTY_BODY = YES;
				CLANG_WARN_ENUM_CONVERSION = YES;
				CLANG_WARN_INT_CONVERSION = YES;
				CLANG_WARN_OBJC_ROOT_CLASS = YES_ERROR;
				CLANG_WARN_UNREACHABLE_CODE = YES;
				CLANG_WARN__DUPLICATE_METHOD_MATCH = YES;
				"CODE_SIGN_IDENTITY[sdk=iphoneos*]" = "iPhone Developer";
				COPY_PHASE_STRIP = NO;
				DEBUG_INFORMATION_FORMAT = "dwarf-with-dsym";
				ENABLE_NS_ASSERTIONS = NO;
				ENABLE_STRICT_OBJC_MSGSEND = YES;
				GCC_C_LANGUAGE_STANDARD = gnu99;
				GCC_NO_COMMON_BLOCKS = YES;
				GCC_WARN_64_TO_32_BIT_CONVERSION = YES;
				GCC_WARN_ABOUT_RETURN_TYPE = YES_ERROR;
				GCC_WARN_UNDECLARED_SELECTOR = YES;
				GCC_WARN_UNINITIALIZED_AUTOS = YES_AGGRESSIVE;
				GCC_WARN_UNUSED_FUNCTION = YES;
				GCC_WARN_UNUSED_VARIABLE = YES;
				IPHONEOS_DEPLOYMENT_TARGET = 9.3;
				MTL_ENABLE_DEBUG_INFO = NO;
				SDKROOT = iphoneos;
				VALIDATE_PRODUCT = YES;
			};
			name = Release;
		};
		B04750A51CA63D3F00278063 /* Debug */ = {
			isa = XCBuildConfiguration;
			buildSettings = {
				ASSETCATALOG_COMPILER_APPICON_NAME = AppIcon;
				INFOPLIST_FILE = xalxswift/Info.plist;
				LD_RUNPATH_SEARCH_PATHS = "$(inherited) @executable_path/Frameworks";
				PRODUCT_BUNDLE_IDENTIFIER = xalx.com.cn.xalxswift;
				PRODUCT_NAME = "$(TARGET_NAME)";
			};
			name = Debug;
		};
		B04750A61CA63D3F00278063 /* Release */ = {
			isa = XCBuildConfiguration;
			buildSettings = {
				ASSETCATALOG_COMPILER_APPICON_NAME = AppIcon;
				INFOPLIST_FILE = xalxswift/Info.plist;
				LD_RUNPATH_SEARCH_PATHS = "$(inherited) @executable_path/Frameworks";
				PRODUCT_BUNDLE_IDENTIFIER = xalx.com.cn.xalxswift;
				PRODUCT_NAME = "$(TARGET_NAME)";
			};
			name = Release;
		};
		B04750A81CA63D3F00278063 /* Debug */ = {
			isa = XCBuildConfiguration;
			buildSettings = {
				BUNDLE_LOADER = "$(TEST_HOST)";
				INFOPLIST_FILE = xalxswiftTests/Info.plist;
				LD_RUNPATH_SEARCH_PATHS = "$(inherited) @executable_path/Frameworks @loader_path/Frameworks";
				PRODUCT_BUNDLE_IDENTIFIER = xalx.com.cn.xalxswiftTests;
				PRODUCT_NAME = "$(TARGET_NAME)";
				TEST_HOST = "$(BUILT_PRODUCTS_DIR)/xalxswift.app/xalxswift";
			};
			name = Debug;
		};
		B04750A91CA63D3F00278063 /* Release */ = {
			isa = XCBuildConfiguration;
			buildSettings = {
				BUNDLE_LOADER = "$(TEST_HOST)";
				INFOPLIST_FILE = xalxswiftTests/Info.plist;
				LD_RUNPATH_SEARCH_PATHS = "$(inherited) @executable_path/Frameworks @loader_path/Frameworks";
				PRODUCT_BUNDLE_IDENTIFIER = xalx.com.cn.xalxswiftTests;
				PRODUCT_NAME = "$(TARGET_NAME)";
				TEST_HOST = "$(BUILT_PRODUCTS_DIR)/xalxswift.app/xalxswift";
			};
			name = Release;
		};
		B04750AB1CA63D3F00278063 /* Debug */ = {
			isa = XCBuildConfiguration;
			buildSettings = {
				INFOPLIST_FILE = xalxswiftUITests/Info.plist;
				LD_RUNPATH_SEARCH_PATHS = "$(inherited) @executable_path/Frameworks @loader_path/Frameworks";
				PRODUCT_BUNDLE_IDENTIFIER = xalx.com.cn.xalxswiftUITests;
				PRODUCT_NAME = "$(TARGET_NAME)";
				TEST_TARGET_NAME = xalxswift;
			};
			name = Debug;
		};
		B04750AC1CA63D3F00278063 /* Release */ = {
			isa = XCBuildConfiguration;
			buildSettings = {
				INFOPLIST_FILE = xalxswiftUITests/Info.plist;
				LD_RUNPATH_SEARCH_PATHS = "$(inherited) @executable_path/Frameworks @loader_path/Frameworks";
				PRODUCT_BUNDLE_IDENTIFIER = xalx.com.cn.xalxswiftUITests;
				PRODUCT_NAME = "$(TARGET_NAME)";
				TEST_TARGET_NAME = xalxswift;
			};
			name = Release;
		};
/* End XCBuildConfiguration section */

/* Begin XCConfigurationList section */
		B04750741CA63D3E00278063 /* Build configuration list for PBXProject "xalxswift" */ = {
			isa = XCConfigurationList;
			buildConfigurations = (
				B04750A21CA63D3F00278063 /* Debug */,
				B04750A31CA63D3F00278063 /* Release */,
			);
			defaultConfigurationIsVisible = 0;
			defaultConfigurationName = Release;
		};
		B04750A41CA63D3F00278063 /* Build configuration list for PBXNativeTarget "xalxswift" */ = {
			isa = XCConfigurationList;
			buildConfigurations = (
				B04750A51CA63D3F00278063 /* Debug */,
				B04750A61CA63D3F00278063 /* Release */,
			);
			defaultConfigurationIsVisible = 0;
		};
		B04750A71CA63D3F00278063 /* Build configuration list for PBXNativeTarget "xalxswiftTests" */ = {
			isa = XCConfigurationList;
			buildConfigurations = (
				B04750A81CA63D3F00278063 /* Debug */,
				B04750A91CA63D3F00278063 /* Release */,
			);
			defaultConfigurationIsVisible = 0;
		};
		B04750AA1CA63D3F00278063 /* Build configuration list for PBXNativeTarget "xalxswiftUITests" */ = {
			isa = XCConfigurationList;
			buildConfigurations = (
				B04750AB1CA63D3F00278063 /* Debug */,
				B04750AC1CA63D3F00278063 /* Release */,
			);
			defaultConfigurationIsVisible = 0;
		};
/* End XCConfigurationList section */

/* Begin XCVersionGroup section */
		B04750831CA63D3E00278063 /* xalxswift.xcdatamodeld */ = {
			isa = XCVersionGroup;
			children = (
				B04750841CA63D3E00278063 /* xalxswift.xcdatamodel */,
			);
			currentVersion = B04750841CA63D3E00278063 /* xalxswift.xcdatamodel */;
			path = xalxswift.xcdatamodeld;
			sourceTree = "<group>";
			versionGroupType = wrapper.xcdatamodel;
		};
/* End XCVersionGroup section */
	};
	rootObject = B04750711CA63D3E00278063 /* Project object */;
}
